
Microsoft Visual Studio Solution File, Format Version 12.00
# Visual Studio Version 16
VisualStudioVersion = 16.0.29709.97
MinimumVisualStudioVersion = 10.0.40219.1
Project("{FAE04EC0-301F-11D3-BF4B-00C04F79EFBC}") = "KianLindskou.WpfControls.GUI", "KianLindskou.WpfControls.GUI\KianLindskou.WpfControls.GUI.csproj", "{4107816B-6AF3-4E37-A9E8-A3BF0D613D68}"
EndProject
Project("{FAE04EC0-301F-11D3-BF4B-00C04F79EFBC}") = "KianLindskou.WpfControls.BIZ", "KianLindskou.WpfControls.BIZ\KianLindskou.WpfControls.BIZ.csproj", "{600F0322-356E-43C6-AB7F-CBC23493ED98}"
EndProject
Project("{FAE04EC0-301F-11D3-BF4B-00C04F79EFBC}") = "KianLindskou.WpfControls.Entities", "KianLindskou.WpfControls.Entities\KianLindskou.WpfControls.Entities.csproj", "{1582A0CA-8F99-4FFE-883A-FCA9D00EAF26}"
EndProject
Project("{FAE04EC0-301F-11D3-BF4B-00C04F79EFBC}") = "KianLindskou.WpfControls.DAL", "KianLindskou.WpfControls.DAL\KianLindskou.WpfControls.DAL.csproj", "{B2FCEB03-F81E-4B19-8160-C561D4C1A1AA}"
EndProject
Global
	GlobalSection(SolutionConfigurationPlatforms) = preSolution
		Debug|Any CPU = Debug|Any CPU
		Release|Any CPU = Release|Any CPU
	EndGlobalSection
	GlobalSection(ProjectConfigurationPlatforms) = postSolution
		{4107816B-6AF3-4E37-A9E8-A3BF0D613D68}.Debug|Any CPU.ActiveCfg = Debug|Any CPU
		{4107816B-6AF3-4E37-A9E8-A3BF0D613D68}.Debug|Any CPU.Build.0 = Debug|Any CPU
		{4107816B-6AF3-4E37-A9E8-A3BF0D613D68}.Release|Any CPU.ActiveCfg = Release|Any CPU
		{4107816B-6AF3-4E37-A9E8-A3BF0D613D68}.Release|Any CPU.Build.0 = Release|Any CPU
		{600F0322-356E-43C6-AB7F-CBC23493ED98}.Debug|Any CPU.ActiveCfg = Debug|Any CPU
		{600F0322-356E-43C6-AB7F-CBC23493ED98}.Debug|Any CPU.Build.0 = Debug|Any CPU
		{600F0322-356E-43C6-AB7F-CBC23493ED98}.Release|Any CPU.ActiveCfg = Release|Any CPU
		{600F0322-356E-43C6-AB7F-CBC23493ED98}.Release|Any CPU.Build.0 = Release|Any CPU
		{1582A0CA-8F99-4FFE-883A-FCA9D00EAF26}.Debug|Any CPU.ActiveCfg = Debug|Any CPU
		{1582A0CA-8F99-4FFE-883A-FCA9D00EAF26}.Debug|Any CPU.Build.0 = Debug|Any CPU
		{1582A0CA-8F99-4FFE-883A-FCA9D00EAF26}.Release|Any CPU.ActiveCfg = Release|Any CPU
		{1582A0CA-8F99-4FFE-883A-FCA9D00EAF26}.Release|Any CPU.Build.0 = Release|Any CPU
		{B2FCEB03-F81E-4B19-8160-C561D4C1A1AA}.Debug|Any CPU.ActiveCfg = Debug|Any CPU
		{B2FCEB03-F81E-4B19-8160-C561D4C1A1AA}.Debug|Any CPU.Build.0 = Debug|Any CPU
		{B2FCEB03-F81E-4B19-8160-C561D4C1A1AA}.Release|Any CPU.ActiveCfg = Release|Any CPU
		{B2FCEB03-F81E-4B19-8160-C561D4C1A1AA}.Release|Any CPU.Build.0 = Release|Any CPU
	EndGlobalSection
	GlobalSection(SolutionProperties) = preSolution
		HideSolutionNode = FALSE
	EndGlobalSection
	GlobalSection(ExtensibilityGlobals) = postSolution
		SolutionGuid = {6BF46977-FDE0-4FE5-AF31-B3C0068DFB5A}
	EndGlobalSection
EndGlobal
